// !$*UTF8*$!
{
	archiveVersion = 1;
	classes = {
	};
	objectVersion = 56;
	objects = {

/* Begin PBXBuildFile section */
		D81DF9502A0E76160014FA71 /* main.m in Sources */ = {isa = PBXBuildFile; fileRef = D81DF94F2A0E76160014FA71 /* main.m */; };
		D81DF9572A0E78720014FA71 /* WeatherService.m in Sources */ = {isa = PBXBuildFile; fileRef = D81DF9562A0E78720014FA71 /* WeatherService.m */; };
		D8D360452A12218100B38B42 /* NSURL+Query.m in Sources */ = {isa = PBXBuildFile; fileRef = D8D360442A12218100B38B42 /* NSURL+Query.m */; };
		D8D360482A12675D00B38B42 /* WeatherData.m in Sources */ = {isa = PBXBuildFile; fileRef = D8D360472A12675D00B38B42 /* WeatherData.m */; };
		D8EF7B152A12749D00D78848 /* WeatherData.m in Sources */ = {isa = PBXBuildFile; fileRef = D8EF7B142A12749D00D78848 /* WeatherData.m */; };
/* End PBXBuildFile section */

/* Begin PBXCopyFilesBuildPhase section */
		D81DF94A2A0E76160014FA71 /* CopyFiles */ = {
			isa = PBXCopyFilesBuildPhase;
			buildActionMask = 2147483647;
			dstPath = /usr/share/man/man1/;
			dstSubfolderSpec = 0;
			files = (
			);
			runOnlyForDeploymentPostprocessing = 1;
		};
/* End PBXCopyFilesBuildPhase section */

/* Begin PBXFileReference section */
		D81DF94C2A0E76160014FA71 /* ObjcWeatherApp */ = {isa = PBXFileReference; explicitFileType = "compiled.mach-o.executable"; includeInIndex = 0; path = ObjcWeatherApp; sourceTree = BUILT_PRODUCTS_DIR; };
		D81DF94F2A0E76160014FA71 /* main.m */ = {isa = PBXFileReference; lastKnownFileType = sourcecode.c.objc; path = main.m; sourceTree = "<group>"; };
		D81DF9562A0E78720014FA71 /* WeatherService.m */ = {isa = PBXFileReference; lastKnownFileType = sourcecode.c.objc; path = WeatherService.m; sourceTree = "<group>"; };
		D81DF95A2A0E7B440014FA71 /* Constants.h */ = {isa = PBXFileReference; lastKnownFileType = sourcecode.c.h; path = Constants.h; sourceTree = "<group>"; };
		D81DF95B2A0E7C890014FA71 /* WeatherService.h */ = {isa = PBXFileReference; lastKnownFileType = sourcecode.c.h; path = WeatherService.h; sourceTree = "<group>"; };
		D8D3603E2A121CA700B38B42 /* WeatherServiceBase.h */ = {isa = PBXFileReference; lastKnownFileType = sourcecode.c.h; path = WeatherServiceBase.h; sourceTree = "<group>"; };
		D8D360432A12218100B38B42 /* NSURL+Query.h */ = {isa = PBXFileReference; lastKnownFileType = sourcecode.c.h; path = "NSURL+Query.h"; sourceTree = "<group>"; };
		D8D360442A12218100B38B42 /* NSURL+Query.m */ = {isa = PBXFileReference; lastKnownFileType = sourcecode.c.objc; path = "NSURL+Query.m"; sourceTree = "<group>"; };
		D8D360462A12663800B38B42 /* WeatherData.h */ = {isa = PBXFileReference; lastKnownFileType = sourcecode.c.h; path = WeatherData.h; sourceTree = "<group>"; };
		D8D360472A12675D00B38B42 /* WeatherData.m */ = {isa = PBXFileReference; lastKnownFileType = sourcecode.c.objc; path = WeatherData.m; sourceTree = "<group>"; };
		D8EF7B142A12749D00D78848 /* WeatherData.m */ = {isa = PBXFileReference; lastKnownFileType = sourcecode.c.objc; path = WeatherData.m; sourceTree = "<group>"; };
		D8EF7B162A127FCD00D78848 /* ApiParameters.h */ = {isa = PBXFileReference; lastKnownFileType = sourcecode.c.h; path = ApiParameters.h; sourceTree = "<group>"; };
/* End PBXFileReference section */

/* Begin PBXFrameworksBuildPhase section */
		D81DF9492A0E76160014FA71 /* Frameworks */ = {
			isa = PBXFrameworksBuildPhase;
			buildActionMask = 2147483647;
			files = (
			);
			runOnlyForDeploymentPostprocessing = 0;
		};
/* End PBXFrameworksBuildPhase section */

/* Begin PBXGroup section */
		D81DF9432A0E76160014FA71 = {
			isa = PBXGroup;
			children = (
				D8D360472A12675D00B38B42 /* WeatherData.m */,
				D81DF94E2A0E76160014FA71 /* ObjcWeatherApp */,
				D81DF94D2A0E76160014FA71 /* Products */,
			);
			sourceTree = "<group>";
		};
		D81DF94D2A0E76160014FA71 /* Products */ = {
			isa = PBXGroup;
			children = (
				D81DF94C2A0E76160014FA71 /* ObjcWeatherApp */,
			);
			name = Products;
			sourceTree = "<group>";
		};
		D81DF94E2A0E76160014FA71 /* ObjcWeatherApp */ = {
			isa = PBXGroup;
			children = (
				D8D3604B2A12687000B38B42 /* Categories */,
				D8D3604A2A12686700B38B42 /* Services */,
				D8D360492A12685C00B38B42 /* Models */,
				D81DF94F2A0E76160014FA71 /* main.m */,
				D81DF95A2A0E7B440014FA71 /* Constants.h */,
			);
			path = ObjcWeatherApp;
			sourceTree = "<group>";
		};
		D8D360492A12685C00B38B42 /* Models */ = {
			isa = PBXGroup;
			children = (
				D8D360462A12663800B38B42 /* WeatherData.h */,
				D8EF7B142A12749D00D78848 /* WeatherData.m */,
				D8EF7B162A127FCD00D78848 /* ApiParameters.h */,
			);
			path = Models;
			sourceTree = "<group>";
		};
		D8D3604A2A12686700B38B42 /* Services */ = {
			isa = PBXGroup;
			children = (
				D81DF9562A0E78720014FA71 /* WeatherService.m */,
				D81DF95B2A0E7C890014FA71 /* WeatherService.h */,
				D8D3603E2A121CA700B38B42 /* WeatherServiceBase.h */,
			);
			path = Services;
			sourceTree = "<group>";
		};
		D8D3604B2A12687000B38B42 /* Categories */ = {
			isa = PBXGroup;
			children = (
				D8D360432A12218100B38B42 /* NSURL+Query.h */,
				D8D360442A12218100B38B42 /* NSURL+Query.m */,
			);
			path = Categories;
			sourceTree = "<group>";
		};
/* End PBXGroup section */

/* Begin PBXNativeTarget section */
		D81DF94B2A0E76160014FA71 /* ObjcWeatherApp */ = {
			isa = PBXNativeTarget;
			buildConfigurationList = D81DF9532A0E76160014FA71 /* Build configuration list for PBXNativeTarget "ObjcWeatherApp" */;
			buildPhases = (
				D81DF9482A0E76160014FA71 /* Sources */,
				D81DF9492A0E76160014FA71 /* Frameworks */,
				D81DF94A2A0E76160014FA71 /* CopyFiles */,
			);
			buildRules = (
			);
			dependencies = (
			);
			name = ObjcWeatherApp;
			productName = ObjcWeatherApp;
			productReference = D81DF94C2A0E76160014FA71 /* ObjcWeatherApp */;
			productType = "com.apple.product-type.tool";
		};
/* End PBXNativeTarget section */

/* Begin PBXProject section */
		D81DF9442A0E76160014FA71 /* Project object */ = {
			isa = PBXProject;
			attributes = {
				BuildIndependentTargetsInParallel = 1;
				LastUpgradeCheck = 1420;
				TargetAttributes = {
					D81DF94B2A0E76160014FA71 = {
						CreatedOnToolsVersion = 14.2;
					};
				};
			};
			buildConfigurationList = D81DF9472A0E76160014FA71 /* Build configuration list for PBXProject "ObjcWeatherApp" */;
			compatibilityVersion = "Xcode 14.0";
			developmentRegion = en;
			hasScannedForEncodings = 0;
			knownRegions = (
				en,
				Base,
			);
			mainGroup = D81DF9432A0E76160014FA71;
			productRefGroup = D81DF94D2A0E76160014FA71 /* Products */;
			projectDirPath = "";
			projectRoot = "";
			targets = (
				D81DF94B2A0E76160014FA71 /* ObjcWeatherApp */,
			);
		};
/* End PBXProject section */

/* Begin PBXSourcesBuildPhase section */
		D81DF9482A0E76160014FA71 /* Sources */ = {
			isa = PBXSourcesBuildPhase;
			buildActionMask = 2147483647;
			files = (
				D8EF7B152A12749D00D78848 /* WeatherData.m in Sources */,
				D81DF9572A0E78720014FA71 /* WeatherService.m in Sources */,
				D8D360452A12218100B38B42 /* NSURL+Query.m in Sources */,
				D8D360482A12675D00B38B42 /* WeatherData.m in Sources */,
				D81DF9502A0E76160014FA71 /* main.m in Sources */,
			);
			runOnlyForDeploymentPostprocessing = 0;
		};
/* End PBXSourcesBuildPhase section */

/* Begin XCBuildConfiguration section */
		D81DF9512A0E76160014FA71 /* Debug */ = {
			isa = XCBuildConfiguration;
			buildSettings = {
				ALWAYS_SEARCH_USER_PATHS = NO;
				CLANG_ANALYZER_NONNULL = YES;
				CLANG_ANALYZER_NUMBER_OBJECT_CONVERSION = YES_AGGRESSIVE;
				CLANG_CXX_LANGUAGE_STANDARD = "gnu++20";
				CLANG_ENABLE_MODULES = YES;
				CLANG_ENABLE_OBJC_ARC = YES;
				CLANG_ENABLE_OBJC_WEAK = YES;
				CLANG_WARN_BLOCK_CAPTURE_AUTORELEASING = YES;
				CLANG_WARN_BOOL_CONVERSION = YES;
				CLANG_WARN_COMMA = YES;
				CLANG_WARN_CONSTANT_CONVERSION = YES;
				CLANG_WARN_DEPRECATED_OBJC_IMPLEMENTATIONS = YES;
				CLANG_WARN_DIRECT_OBJC_ISA_USAGE = YES_ERROR;
				CLANG_WARN_DOCUMENTATION_COMMENTS = YES;
				CLANG_WARN_EMPTY_BODY = YES;
				CLANG_WARN_ENUM_CONVERSION = YES;
				CLANG_WARN_INFINITE_RECURSION = YES;
				CLANG_WARN_INT_CONVERSION = YES;
				CLANG_WARN_NON_LITERAL_NULL_CONVERSION = YES;
				CLANG_WARN_OBJC_IMPLICIT_RETAIN_SELF = YES;
				CLANG_WARN_OBJC_LITERAL_CONVERSION = YES;
				CLANG_WARN_OBJC_ROOT_CLASS = YES_ERROR;
				CLANG_WARN_QUOTED_INCLUDE_IN_FRAMEWORK_HEADER = YES;
				CLANG_WARN_RANGE_LOOP_ANALYSIS = YES;
				CLANG_WARN_STRICT_PROTOTYPES = YES;
				CLANG_WARN_SUSPICIOUS_MOVE = YES;
				CLANG_WARN_UNGUARDED_AVAILABILITY = YES_AGGRESSIVE;
				CLANG_WARN_UNREACHABLE_CODE = YES;
				CLANG_WARN__DUPLICATE_METHOD_MATCH = YES;
				COPY_PHASE_STRIP = NO;
				DEBUG_INFORMATION_FORMAT = dwarf;
				ENABLE_STRICT_OBJC_MSGSEND = YES;
				ENABLE_TESTABILITY = YES;
				GCC_C_LANGUAGE_STANDARD = gnu11;
				GCC_DYNAMIC_NO_PIC = NO;
				GCC_NO_COMMON_BLOCKS = YES;
				GCC_OPTIMIZATION_LEVEL = 0;
				GCC_PREPROCESSOR_DEFINITIONS = (
					"DEBUG=1",
					"$(inherited)",
				);
				GCC_WARN_64_TO_32_BIT_CONVERSION = YES;
				GCC_WARN_ABOUT_RETURN_TYPE = YES_ERROR;
				GCC_WARN_UNDECLARED_SELECTOR = YES;
				GCC_WARN_UNINITIALIZED_AUTOS = YES_AGGRESSIVE;
				GCC_WARN_UNUSED_FUNCTION = YES;
				GCC_WARN_UNUSED_VARIABLE = YES;
				MACOSX_DEPLOYMENT_TARGET = 13.1;
				MTL_ENABLE_DEBUG_INFO = INCLUDE_SOURCE;
				MTL_FAST_MATH = YES;
				ONLY_ACTIVE_ARCH = YES;
				SDKROOT = macosx;
			};
			name = Debug;
		};
		D81DF9522A0E76160014FA71 /* Release */ = {
			isa = XCBuildConfiguration;
			buildSettings = {
				ALWAYS_SEARCH_USER_PATHS = NO;
				CLANG_ANALYZER_NONNULL = YES;
				CLANG_ANALYZER_NUMBER_OBJECT_CONVERSION = YES_AGGRESSIVE;
				CLANG_CXX_LANGUAGE_STANDARD = "gnu++20";
				CLANG_ENABLE_MODULES = YES;
				CLANG_ENABLE_OBJC_ARC = YES;
				CLANG_ENABLE_OBJC_WEAK = YES;
				CLANG_WARN_BLOCK_CAPTURE_AUTORELEASING = YES;
				CLANG_WARN_BOOL_CONVERSION = YES;
				CLANG_WARN_COMMA = YES;
				CLANG_WARN_CONSTANT_CONVERSION = YES;
				CLANG_WARN_DEPRECATED_OBJC_IMPLEMENTATIONS = YES;
				CLANG_WARN_DIRECT_OBJC_ISA_USAGE = YES_ERROR;
				CLANG_WARN_DOCUMENTATION_COMMENTS = YES;
				CLANG_WARN_EMPTY_BODY = YES;
				CLANG_WARN_ENUM_CONVERSION = YES;
				CLANG_WARN_INFINITE_RECURSION = YES;
				CLANG_WARN_INT_CONVERSION = YES;
				CLANG_WARN_NON_LITERAL_NULL_CONVERSION = YES;
				CLANG_WARN_OBJC_IMPLICIT_RETAIN_SELF = YES;
				CLANG_WARN_OBJC_LITERAL_CONVERSION = YES;
				CLANG_WARN_OBJC_ROOT_CLASS = YES_ERROR;
				CLANG_WARN_QUOTED_INCLUDE_IN_FRAMEWORK_HEADER = YES;
				CLANG_WARN_RANGE_LOOP_ANALYSIS = YES;
				CLANG_WARN_STRICT_PROTOTYPES = YES;
				CLANG_WARN_SUSPICIOUS_MOVE = YES;
				CLANG_WARN_UNGUARDED_AVAILABILITY = YES_AGGRESSIVE;
				CLANG_WARN_UNREACHABLE_CODE = YES;
				CLANG_WARN__DUPLICATE_METHOD_MATCH = YES;
				COPY_PHASE_STRIP = NO;
				DEBUG_INFORMATION_FORMAT = "dwarf-with-dsym";
				ENABLE_NS_ASSERTIONS = NO;
				ENABLE_STRICT_OBJC_MSGSEND = YES;
				GCC_C_LANGUAGE_STANDARD = gnu11;
				GCC_NO_COMMON_BLOCKS = YES;
				GCC_WARN_64_TO_32_BIT_CONVERSION = YES;
				GCC_WARN_ABOUT_RETURN_TYPE = YES_ERROR;
				GCC_WARN_UNDECLARED_SELECTOR = YES;
				GCC_WARN_UNINITIALIZED_AUTOS = YES_AGGRESSIVE;
				GCC_WARN_UNUSED_FUNCTION = YES;
				GCC_WARN_UNUSED_VARIABLE = YES;
				MACOSX_DEPLOYMENT_TARGET = 13.1;
				MTL_ENABLE_DEBUG_INFO = NO;
				MTL_FAST_MATH = YES;
				SDKROOT = macosx;
			};
			name = Release;
		};
		D81DF9542A0E76160014FA71 /* Debug */ = {
			isa = XCBuildConfiguration;
			buildSettings = {
				CODE_SIGN_STYLE = Automatic;
				DEVELOPMENT_TEAM = 6V69GRWH44;
				ENABLE_HARDENED_RUNTIME = YES;
				PRODUCT_NAME = "$(TARGET_NAME)";
			};
			name = Debug;
		};
		D81DF9552A0E76160014FA71 /* Release */ = {
			isa = XCBuildConfiguration;
			buildSettings = {
				CODE_SIGN_STYLE = Automatic;
				DEVELOPMENT_TEAM = 6V69GRWH44;
				ENABLE_HARDENED_RUNTIME = YES;
				PRODUCT_NAME = "$(TARGET_NAME)";
			};
			name = Release;
		};
/* End XCBuildConfiguration section */

/* Begin XCConfigurationList section */
		D81DF9472A0E76160014FA71 /* Build configuration list for PBXProject "ObjcWeatherApp" */ = {
			isa = XCConfigurationList;
			buildConfigurations = (
				D81DF9512A0E76160014FA71 /* Debug */,
				D81DF9522A0E76160014FA71 /* Release */,
			);
			defaultConfigurationIsVisible = 0;
			defaultConfigurationName = Release;
		};
		D81DF9532A0E76160014FA71 /* Build configuration list for PBXNativeTarget "ObjcWeatherApp" */ = {
			isa = XCConfigurationList;
			buildConfigurations = (
				D81DF9542A0E76160014FA71 /* Debug */,
				D81DF9552A0E76160014FA71 /* Release */,
			);
			defaultConfigurationIsVisible = 0;
			defaultConfigurationName = Release;
		};
/* End XCConfigurationList section */
	};
	rootObject = D81DF9442A0E76160014FA71 /* Project object */;
}
